
Microsoft Visual Studio Solution File, Format Version 12.00
# Visual Studio Version 16
VisualStudioVersion = 16.0.30804.86
MinimumVisualStudioVersion = 10.0.40219.1
Project("{FAE04EC0-301F-11D3-BF4B-00C04F79EFBC}") = "Demo15", "Demo15.csproj", "{2B2BBF40-1BD4-4FB9-8D52-9B47DC971B7D}"
EndProject
Global
	GlobalSection(SolutionConfigurationPlatforms) = preSolution
		Debug|Any CPU = Debug|Any CPU
		Release|Any CPU = Release|Any CPU
	EndGlobalSection
	GlobalSection(ProjectConfigurationPlatforms) = postSolution
		{2B2BBF40-1BD4-4FB9-8D52-9B47DC971B7D}.Debug|Any CPU.ActiveCfg = Debug|Any CPU
		{2B2BBF40-1BD4-4FB9-8D52-9B47DC971B7D}.Debug|Any CPU.Build.0 = Debug|Any CPU
		{2B2BBF40-1BD4-4FB9-8D52-9B47DC971B7D}.Release|Any CPU.ActiveCfg = Release|Any CPU
		{2B2BBF40-1BD4-4FB9-8D52-9B47DC971B7D}.Release|Any CPU.Build.0 = Release|Any CPU
	EndGlobalSection
	GlobalSection(SolutionProperties) = preSolution
		HideSolutionNode = FALSE
	EndGlobalSection
	GlobalSection(ExtensibilityGlobals) = postSolution
		SolutionGuid = {49313511-C73E-4817-BE50-8EF1208B9E66}
	EndGlobalSection
EndGlobal
