
Microsoft Visual Studio Solution File, Format Version 12.00
# Visual Studio Version 16
VisualStudioVersion = 16.0.30804.86
MinimumVisualStudioVersion = 10.0.40219.1
Project("{FAE04EC0-301F-11D3-BF4B-00C04F79EFBC}") = "Demo06", "Demo06.csproj", "{84D5FAD0-3C90-4FF7-9622-2E021A1363AF}"
EndProject
Global
	GlobalSection(SolutionConfigurationPlatforms) = preSolution
		Debug|Any CPU = Debug|Any CPU
		Release|Any CPU = Release|Any CPU
	EndGlobalSection
	GlobalSection(ProjectConfigurationPlatforms) = postSolution
		{84D5FAD0-3C90-4FF7-9622-2E021A1363AF}.Debug|Any CPU.ActiveCfg = Debug|Any CPU
		{84D5FAD0-3C90-4FF7-9622-2E021A1363AF}.Debug|Any CPU.Build.0 = Debug|Any CPU
		{84D5FAD0-3C90-4FF7-9622-2E021A1363AF}.Release|Any CPU.ActiveCfg = Release|Any CPU
		{84D5FAD0-3C90-4FF7-9622-2E021A1363AF}.Release|Any CPU.Build.0 = Release|Any CPU
	EndGlobalSection
	GlobalSection(SolutionProperties) = preSolution
		HideSolutionNode = FALSE
	EndGlobalSection
	GlobalSection(ExtensibilityGlobals) = postSolution
		SolutionGuid = {238827BC-28A0-4C7A-A992-436975C93BF3}
	EndGlobalSection
EndGlobal
