
Microsoft Visual Studio Solution File, Format Version 12.00
# Visual Studio Version 16
VisualStudioVersion = 16.0.30804.86
MinimumVisualStudioVersion = 10.0.40219.1
Project("{FAE04EC0-301F-11D3-BF4B-00C04F79EFBC}") = "ServidorWebSocket", "ServidorWebSocket.csproj", "{D5118B92-C506-4496-AD05-4E12609062BF}"
EndProject
Global
	GlobalSection(SolutionConfigurationPlatforms) = preSolution
		Debug|Any CPU = Debug|Any CPU
		Release|Any CPU = Release|Any CPU
	EndGlobalSection
	GlobalSection(ProjectConfigurationPlatforms) = postSolution
		{D5118B92-C506-4496-AD05-4E12609062BF}.Debug|Any CPU.ActiveCfg = Debug|Any CPU
		{D5118B92-C506-4496-AD05-4E12609062BF}.Debug|Any CPU.Build.0 = Debug|Any CPU
		{D5118B92-C506-4496-AD05-4E12609062BF}.Release|Any CPU.ActiveCfg = Release|Any CPU
		{D5118B92-C506-4496-AD05-4E12609062BF}.Release|Any CPU.Build.0 = Release|Any CPU
	EndGlobalSection
	GlobalSection(SolutionProperties) = preSolution
		HideSolutionNode = FALSE
	EndGlobalSection
	GlobalSection(ExtensibilityGlobals) = postSolution
		SolutionGuid = {F59045C6-0EBA-4473-91B5-A4320B4CC6AC}
	EndGlobalSection
EndGlobal
